// !$*UTF8*$!
{
	archiveVersion = 1;
	classes = {
	};
	objectVersion = 50;
	objects = {

/* Begin PBXBuildFile section */
		36E2BDC8262C899300E88801 /* main.swift in Sources */ = {isa = PBXBuildFile; fileRef = 36E2BDC7262C899300E88801 /* main.swift */; };
/* End PBXBuildFile section */

/* Begin PBXCopyFilesBuildPhase section */
		36E2BDC2262C899300E88801 /* CopyFiles */ = {
			isa = PBXCopyFilesBuildPhase;
			buildActionMask = 2147483647;
			dstPath = /usr/share/man/man1/;
			dstSubfolderSpec = 0;
			files = (
			);
			runOnlyForDeploymentPostprocessing = 1;
		};
/* End PBXCopyFilesBuildPhase section */

/* Begin PBXFileReference section */
		3638BB842681AAF10066761D /* 1_2557.swift */ = {isa = PBXFileReference; lastKnownFileType = sourcecode.swift; path = 1_2557.swift; sourceTree = "<group>"; };
		3638BB882681B0B30066761D /* 2_10718.swift */ = {isa = PBXFileReference; lastKnownFileType = sourcecode.swift; path = 2_10718.swift; sourceTree = "<group>"; };
		3638BB892681B12E0066761D /* 3_10171.swift */ = {isa = PBXFileReference; lastKnownFileType = sourcecode.swift; path = 3_10171.swift; sourceTree = "<group>"; };
		3638BB8A2681B1410066761D /* 4_10172.swift */ = {isa = PBXFileReference; lastKnownFileType = sourcecode.swift; path = 4_10172.swift; sourceTree = "<group>"; };
		3638BB8B2681B1550066761D /* 5_1000.swift */ = {isa = PBXFileReference; lastKnownFileType = sourcecode.swift; path = 5_1000.swift; sourceTree = "<group>"; };
		3638BB8E2681B1B00066761D /* 6_1001.swift */ = {isa = PBXFileReference; lastKnownFileType = sourcecode.swift; path = 6_1001.swift; sourceTree = "<group>"; };
		3638BB902681B1CB0066761D /* 7_10998.swift */ = {isa = PBXFileReference; lastKnownFileType = sourcecode.swift; path = 7_10998.swift; sourceTree = "<group>"; };
		3638BB922681B1E00066761D /* 8_1008.swift */ = {isa = PBXFileReference; lastKnownFileType = sourcecode.swift; path = 8_1008.swift; sourceTree = "<group>"; };
		3638BB932681B1F10066761D /* 9_10869.swift */ = {isa = PBXFileReference; lastKnownFileType = sourcecode.swift; path = 9_10869.swift; sourceTree = "<group>"; };
		3638BB942681B2080066761D /* 10_10430.swift */ = {isa = PBXFileReference; lastKnownFileType = sourcecode.swift; path = 10_10430.swift; sourceTree = "<group>"; };
		3638BB952681B2140066761D /* 11_2588.swift */ = {isa = PBXFileReference; lastKnownFileType = sourcecode.swift; path = 11_2588.swift; sourceTree = "<group>"; };
		3638BB972681B36C0066761D /* 1_1330.swift */ = {isa = PBXFileReference; lastKnownFileType = sourcecode.swift; path = 1_1330.swift; sourceTree = "<group>"; };
		3638BB992681B37D0066761D /* 2_9498.swift */ = {isa = PBXFileReference; lastKnownFileType = sourcecode.swift; path = 2_9498.swift; sourceTree = "<group>"; };
		3638BB9A2681B3B60066761D /* 3_2753.swift */ = {isa = PBXFileReference; lastKnownFileType = sourcecode.swift; path = 3_2753.swift; sourceTree = "<group>"; };
		3638BB9B2681B3C40066761D /* 4_14681.swift */ = {isa = PBXFileReference; lastKnownFileType = sourcecode.swift; path = 4_14681.swift; sourceTree = "<group>"; };
		3638BB9D2681B3D40066761D /* 5_2884.swift */ = {isa = PBXFileReference; lastKnownFileType = sourcecode.swift; path = 5_2884.swift; sourceTree = "<group>"; };
		3638BBA02681B4570066761D /* 1_2739.swift */ = {isa = PBXFileReference; lastKnownFileType = sourcecode.swift; path = 1_2739.swift; sourceTree = "<group>"; };
		3638BBA12681B4630066761D /* 2_10950.swift */ = {isa = PBXFileReference; lastKnownFileType = sourcecode.swift; path = 2_10950.swift; sourceTree = "<group>"; };
		3638BBA22681B46E0066761D /* 3_8393.swift */ = {isa = PBXFileReference; lastKnownFileType = sourcecode.swift; path = 3_8393.swift; sourceTree = "<group>"; };
		3638BBA42681B48E0066761D /* 5_2741.swift */ = {isa = PBXFileReference; lastKnownFileType = sourcecode.swift; path = 5_2741.swift; sourceTree = "<group>"; };
		3638BBA52681B49C0066761D /* 6_2742.swift */ = {isa = PBXFileReference; lastKnownFileType = sourcecode.swift; path = 6_2742.swift; sourceTree = "<group>"; };
		3638BBA62681B4C80066761D /* 7_11021.swift */ = {isa = PBXFileReference; lastKnownFileType = sourcecode.swift; path = 7_11021.swift; sourceTree = "<group>"; };
		3638BBA72681B4D70066761D /* 8_11022.swift */ = {isa = PBXFileReference; lastKnownFileType = sourcecode.swift; path = 8_11022.swift; sourceTree = "<group>"; };
		3638BBA82681B4E20066761D /* 9_2438.swift */ = {isa = PBXFileReference; lastKnownFileType = sourcecode.swift; path = 9_2438.swift; sourceTree = "<group>"; };
		3638BBA92681B4EF0066761D /* 10_2439.swift */ = {isa = PBXFileReference; lastKnownFileType = sourcecode.swift; path = 10_2439.swift; sourceTree = "<group>"; };
		3638BBAA2681B4FF0066761D /* 11_10871.swift */ = {isa = PBXFileReference; lastKnownFileType = sourcecode.swift; path = 11_10871.swift; sourceTree = "<group>"; };
		3638BBAC2681B63E0066761D /* 1_10952.swift */ = {isa = PBXFileReference; lastKnownFileType = sourcecode.swift; path = 1_10952.swift; sourceTree = "<group>"; };
		3638BBAD2681B6560066761D /* 2_10951.swift */ = {isa = PBXFileReference; lastKnownFileType = sourcecode.swift; path = 2_10951.swift; sourceTree = "<group>"; };
		3638BBAE2681B6610066761D /* 3_1110.swift */ = {isa = PBXFileReference; lastKnownFileType = sourcecode.swift; path = 3_1110.swift; sourceTree = "<group>"; };
		3638BBB026836D9A0066761D /* K번째수.swift */ = {isa = PBXFileReference; lastKnownFileType = sourcecode.swift; path = "K번째수.swift"; sourceTree = "<group>"; };
		3638BBB1268372680066761D /* 직사각형 좌표구하기.swift */ = {isa = PBXFileReference; lastKnownFileType = sourcecode.swift; path = "직사각형 좌표구하기.swift"; sourceTree = "<group>"; };
		3638BBB22683A2470066761D /* 중복되는 이름 찾기.swift */ = {isa = PBXFileReference; lastKnownFileType = sourcecode.swift; path = "중복되는 이름 찾기.swift"; sourceTree = "<group>"; };
		3638BBB32683ABAC0066761D /* 집합연산.swift */ = {isa = PBXFileReference; lastKnownFileType = sourcecode.swift; path = "집합연산.swift"; sourceTree = "<group>"; };
		3638BBB42683ACE70066761D /* 중복되는 숫자 개수.swift */ = {isa = PBXFileReference; lastKnownFileType = sourcecode.swift; path = "중복되는 숫자 개수.swift"; sourceTree = "<group>"; };
		36E2BDC4262C899300E88801 /* Swift_practice */ = {isa = PBXFileReference; explicitFileType = "compiled.mach-o.executable"; includeInIndex = 0; path = Swift_practice; sourceTree = BUILT_PRODUCTS_DIR; };
		36E2BDC7262C899300E88801 /* main.swift */ = {isa = PBXFileReference; lastKnownFileType = sourcecode.swift; path = main.swift; sourceTree = "<group>"; };
		F00AC5FC268C3E0A00BCC75B /* 2_4673.swift */ = {isa = PBXFileReference; lastKnownFileType = sourcecode.swift; path = 2_4673.swift; sourceTree = "<group>"; };
		F00AC5FD268C3E1C00BCC75B /* 3_1065.swift */ = {isa = PBXFileReference; lastKnownFileType = sourcecode.swift; path = 3_1065.swift; sourceTree = "<group>"; };
		F00AC5FE268CA73000BCC75B /* 1_11654.swift */ = {isa = PBXFileReference; lastKnownFileType = sourcecode.swift; path = 1_11654.swift; sourceTree = "<group>"; };
		F00AC5FF268CA73B00BCC75B /* 2_11720.swift */ = {isa = PBXFileReference; lastKnownFileType = sourcecode.swift; path = 2_11720.swift; sourceTree = "<group>"; };
		F00AC600268CA74800BCC75B /* 3_10809.swift */ = {isa = PBXFileReference; lastKnownFileType = sourcecode.swift; path = 3_10809.swift; sourceTree = "<group>"; };
		F00AC601268CA75200BCC75B /* 4_2675.swift */ = {isa = PBXFileReference; lastKnownFileType = sourcecode.swift; path = 4_2675.swift; sourceTree = "<group>"; };
		F00AC602268CA75E00BCC75B /* 5_1157.swift */ = {isa = PBXFileReference; lastKnownFileType = sourcecode.swift; path = 5_1157.swift; sourceTree = "<group>"; };
		F00AC603268CA76900BCC75B /* 6_1152.swift */ = {isa = PBXFileReference; lastKnownFileType = sourcecode.swift; path = 6_1152.swift; sourceTree = "<group>"; };
		F00AC604268CA77300BCC75B /* 7_2908.swift */ = {isa = PBXFileReference; lastKnownFileType = sourcecode.swift; path = 7_2908.swift; sourceTree = "<group>"; };
		F00AC605268CA78000BCC75B /* 8_5622.swift */ = {isa = PBXFileReference; lastKnownFileType = sourcecode.swift; path = 8_5622.swift; sourceTree = "<group>"; };
		F00AC606268CA79100BCC75B /* 9_2941.swift */ = {isa = PBXFileReference; lastKnownFileType = sourcecode.swift; path = 9_2941.swift; sourceTree = "<group>"; };
		F00AC607268CA79D00BCC75B /* 10_1316.swift */ = {isa = PBXFileReference; lastKnownFileType = sourcecode.swift; path = 10_1316.swift; sourceTree = "<group>"; };
		F00AC60B268E33E200BCC75B /* 1_1712.swift */ = {isa = PBXFileReference; lastKnownFileType = sourcecode.swift; path = 1_1712.swift; sourceTree = "<group>"; };
		F00AC60C268E33F000BCC75B /* 2_2292.swift */ = {isa = PBXFileReference; lastKnownFileType = sourcecode.swift; path = 2_2292.swift; sourceTree = "<group>"; };
		F00AC60D268E33FE00BCC75B /* 3_1193.swift */ = {isa = PBXFileReference; lastKnownFileType = sourcecode.swift; path = 3_1193.swift; sourceTree = "<group>"; };
		F00AC60E268E340D00BCC75B /* 4_2869.swift */ = {isa = PBXFileReference; lastKnownFileType = sourcecode.swift; path = 4_2869.swift; sourceTree = "<group>"; };
		F00AC60F268E343700BCC75B /* 5_10250.swift */ = {isa = PBXFileReference; lastKnownFileType = sourcecode.swift; path = 5_10250.swift; sourceTree = "<group>"; };
		F00AC610268E344600BCC75B /* 6_2775.swift */ = {isa = PBXFileReference; lastKnownFileType = sourcecode.swift; path = 6_2775.swift; sourceTree = "<group>"; };
		F00AC611268E345100BCC75B /* 7_2839.swift */ = {isa = PBXFileReference; lastKnownFileType = sourcecode.swift; path = 7_2839.swift; sourceTree = "<group>"; };
		F00AC612268E346000BCC75B /* 8_10757.swift */ = {isa = PBXFileReference; lastKnownFileType = sourcecode.swift; path = 8_10757.swift; sourceTree = "<group>"; };
		F00AC613268E346A00BCC75B /* 9_1011.swift */ = {isa = PBXFileReference; lastKnownFileType = sourcecode.swift; path = 9_1011.swift; sourceTree = "<group>"; };
		F045E99826FE00420094ADAA /* 짝수와 홀수.swift */ = {isa = PBXFileReference; lastKnownFileType = sourcecode.swift; path = "짝수와 홀수.swift"; sourceTree = "<group>"; };
		F045E99926FE05CE0094ADAA /* 정수 제곱근 판별.swift */ = {isa = PBXFileReference; lastKnownFileType = sourcecode.swift; path = "정수 제곱근 판별.swift"; sourceTree = "<group>"; };
		F045E99A26FE09940094ADAA /* 제일 작은 수 제거하기.swift */ = {isa = PBXFileReference; lastKnownFileType = sourcecode.swift; path = "제일 작은 수 제거하기.swift"; sourceTree = "<group>"; };
		F045E99B26FE0D420094ADAA /* 정수 내림차순으로 배치하기.swift */ = {isa = PBXFileReference; lastKnownFileType = sourcecode.swift; path = "정수 내림차순으로 배치하기.swift"; sourceTree = "<group>"; };
		F045E99C26FF6C630094ADAA /* 자릿수 더하기.swift */ = {isa = PBXFileReference; lastKnownFileType = sourcecode.swift; path = "자릿수 더하기.swift"; sourceTree = "<group>"; };
		F045E99D26FF71530094ADAA /* 자연수 뒤집어 배열로 만들기.swift */ = {isa = PBXFileReference; lastKnownFileType = sourcecode.swift; path = "자연수 뒤집어 배열로 만들기.swift"; sourceTree = "<group>"; };
		F045E99E2700A4A50094ADAA /* 이상한 문자 만들기.swift */ = {isa = PBXFileReference; lastKnownFileType = sourcecode.swift; path = "이상한 문자 만들기.swift"; sourceTree = "<group>"; };
		F045E99F2700B1320094ADAA /* 약수의 합.swift */ = {isa = PBXFileReference; lastKnownFileType = sourcecode.swift; path = "약수의 합.swift"; sourceTree = "<group>"; };
		F045E9A02701564E0094ADAA /* 시저 암호.swift */ = {isa = PBXFileReference; lastKnownFileType = sourcecode.swift; path = "시저 암호.swift"; sourceTree = "<group>"; };
		F045E9A12701A9EC0094ADAA /* 문자열을 정수로 바꾸기.swift */ = {isa = PBXFileReference; lastKnownFileType = sourcecode.swift; path = "문자열을 정수로 바꾸기.swift"; sourceTree = "<group>"; };
		F045E9A22701AAB40094ADAA /* 수박수박수박수박수박수?.swift */ = {isa = PBXFileReference; lastKnownFileType = sourcecode.swift; path = "수박수박수박수박수박수?.swift"; sourceTree = "<group>"; };
		F045E9A32701ADB70094ADAA /* 소수 찾기.swift */ = {isa = PBXFileReference; lastKnownFileType = sourcecode.swift; path = "소수 찾기.swift"; sourceTree = "<group>"; };
		F045E9A42701E6D30094ADAA /* 서울에서 김서방 찾기.swift */ = {isa = PBXFileReference; lastKnownFileType = sourcecode.swift; path = "서울에서 김서방 찾기.swift"; sourceTree = "<group>"; };
		F045E9A52701E6F50094ADAA /* 문자열 다루기 기본.swift */ = {isa = PBXFileReference; lastKnownFileType = sourcecode.swift; path = "문자열 다루기 기본.swift"; sourceTree = "<group>"; };
		F045E9A62701EB0E0094ADAA /* 문자열 내림차순으로 배치하기.swift */ = {isa = PBXFileReference; lastKnownFileType = sourcecode.swift; path = "문자열 내림차순으로 배치하기.swift"; sourceTree = "<group>"; };
		F045E9A72701EC2A0094ADAA /* 문자열 내 p와 y의 개수.swift */ = {isa = PBXFileReference; lastKnownFileType = sourcecode.swift; path = "문자열 내 p와 y의 개수.swift"; sourceTree = "<group>"; };
		F045E9A82701F4440094ADAA /* 문자열 내 마음대로 정렬하기.swift */ = {isa = PBXFileReference; lastKnownFileType = sourcecode.swift; path = "문자열 내 마음대로 정렬하기.swift"; sourceTree = "<group>"; };
		F045E9A92701F60F0094ADAA /* 두 정수 사이의 합.swift */ = {isa = PBXFileReference; lastKnownFileType = sourcecode.swift; path = "두 정수 사이의 합.swift"; sourceTree = "<group>"; };
		F045E9AA2701F7260094ADAA /* 나누어 떨어지는 숫자 배열.swift */ = {isa = PBXFileReference; lastKnownFileType = sourcecode.swift; path = "나누어 떨어지는 숫자 배열.swift"; sourceTree = "<group>"; };
		F045E9AB27030FD80094ADAA /* 가운데 글자 가져오기.swift */ = {isa = PBXFileReference; lastKnownFileType = sourcecode.swift; path = "가운데 글자 가져오기.swift"; sourceTree = "<group>"; };
		F045E9AD27042F830094ADAA /* 2016년.swift */ = {isa = PBXFileReference; lastKnownFileType = sourcecode.swift; path = "2016년.swift"; sourceTree = "<group>"; };
		F045E9D32705805B0094ADAA /* 다트게임.swift */ = {isa = PBXFileReference; lastKnownFileType = sourcecode.swift; path = "다트게임.swift"; sourceTree = "<group>"; };
		F045E9D427058A880094ADAA /* 부족한 금액 계산하기.swift */ = {isa = PBXFileReference; lastKnownFileType = sourcecode.swift; path = "부족한 금액 계산하기.swift"; sourceTree = "<group>"; };
		F045E9D5270592C50094ADAA /* 비밀지도.swift */ = {isa = PBXFileReference; lastKnownFileType = sourcecode.swift; path = "비밀지도.swift"; sourceTree = "<group>"; };
		F045E9DF270702A80094ADAA /* 상호평가.swift */ = {isa = PBXFileReference; lastKnownFileType = sourcecode.swift; path = "상호평가.swift"; sourceTree = "<group>"; };
		F045E9E02708A0D10094ADAA /* 직업군 추천하기.swift */ = {isa = PBXFileReference; lastKnownFileType = sourcecode.swift; path = "직업군 추천하기.swift"; sourceTree = "<group>"; };
		F045E9E12708B05A0094ADAA /* 복서 정렬하기.swift */ = {isa = PBXFileReference; lastKnownFileType = sourcecode.swift; path = "복서 정렬하기.swift"; sourceTree = "<group>"; };
		F045E9E22709709F0094ADAA /* 최소직각형.swift */ = {isa = PBXFileReference; lastKnownFileType = sourcecode.swift; path = "최소직각형.swift"; sourceTree = "<group>"; };
		F045E9E3270972740094ADAA /* 두 개 뽑아서 더하기.swift */ = {isa = PBXFileReference; lastKnownFileType = sourcecode.swift; path = "두 개 뽑아서 더하기.swift"; sourceTree = "<group>"; };
		F045E9E5270973B20094ADAA /* 예산.swift */ = {isa = PBXFileReference; lastKnownFileType = sourcecode.swift; path = "예산.swift"; sourceTree = "<group>"; };
		F048038826FC42110064B8AA /* 직사각형 별찍기.swift */ = {isa = PBXFileReference; lastKnownFileType = sourcecode.swift; path = "직사각형 별찍기.swift"; sourceTree = "<group>"; };
		F048038926FC43700064B8AA /* 평균구하기.swift */ = {isa = PBXFileReference; lastKnownFileType = sourcecode.swift; path = "평균구하기.swift"; sourceTree = "<group>"; };
		F048038A26FC45CD0064B8AA /* x만큼 간격이 있는 n개의 숫자.swift */ = {isa = PBXFileReference; lastKnownFileType = sourcecode.swift; path = "x만큼 간격이 있는 n개의 숫자.swift"; sourceTree = "<group>"; };
		F048038B26FC46CF0064B8AA /* 행렬의 덧셈.swift */ = {isa = PBXFileReference; lastKnownFileType = sourcecode.swift; path = "행렬의 덧셈.swift"; sourceTree = "<group>"; };
		F048038C26FC4EDE0064B8AA /* 핸드폰 번호 가리기.swift */ = {isa = PBXFileReference; lastKnownFileType = sourcecode.swift; path = "핸드폰 번호 가리기.swift"; sourceTree = "<group>"; };
		F048038D26FC509E0064B8AA /* 하샤드 수.swift */ = {isa = PBXFileReference; lastKnownFileType = sourcecode.swift; path = "하샤드 수.swift"; sourceTree = "<group>"; };
		F048038E26FC555B0064B8AA /* 콜라츠 추측.swift */ = {isa = PBXFileReference; lastKnownFileType = sourcecode.swift; path = "콜라츠 추측.swift"; sourceTree = "<group>"; };
		F048038F26FC59CF0064B8AA /* 최대공약수와 최소공배수.swift */ = {isa = PBXFileReference; lastKnownFileType = sourcecode.swift; path = "최대공약수와 최소공배수.swift"; sourceTree = "<group>"; };
		F09C4CD926C793FC00A56DCF /* 만보기 리워드 서비스.swift */ = {isa = PBXFileReference; lastKnownFileType = sourcecode.swift; path = "만보기 리워드 서비스.swift"; sourceTree = "<group>"; };
		F09F7732268B6D4300EF5DAA /* 1_10818.swift */ = {isa = PBXFileReference; lastKnownFileType = sourcecode.swift; path = 1_10818.swift; sourceTree = "<group>"; };
		F09F7733268B6D5300EF5DAA /* 2_2562.swift */ = {isa = PBXFileReference; lastKnownFileType = sourcecode.swift; path = 2_2562.swift; sourceTree = "<group>"; };
		F09F7735268B6D5F00EF5DAA /* 3_2577.swift */ = {isa = PBXFileReference; lastKnownFileType = sourcecode.swift; path = 3_2577.swift; sourceTree = "<group>"; };
		F09F7736268B6D7500EF5DAA /* 4_3052.swift */ = {isa = PBXFileReference; lastKnownFileType = sourcecode.swift; path = 4_3052.swift; sourceTree = "<group>"; };
		F09F7737268B6D8C00EF5DAA /* 5_1546.swift */ = {isa = PBXFileReference; lastKnownFileType = sourcecode.swift; path = 5_1546.swift; sourceTree = "<group>"; };
		F09F7738268B6D9800EF5DAA /* 6_8958.swift */ = {isa = PBXFileReference; lastKnownFileType = sourcecode.swift; path = 6_8958.swift; sourceTree = "<group>"; };
		F09F7739268B6DA500EF5DAA /* 7_4344.swift */ = {isa = PBXFileReference; lastKnownFileType = sourcecode.swift; path = 7_4344.swift; sourceTree = "<group>"; };
		F0A2D2CD26E89408000B4158 /* 신규 아이디 추천.swift */ = {isa = PBXFileReference; lastKnownFileType = sourcecode.swift; path = "신규 아이디 추천.swift"; sourceTree = "<group>"; };
		F0B4B0BB26E9CCA700385F53 /* 숫자 문자열과 영단어.swift */ = {isa = PBXFileReference; lastKnownFileType = sourcecode.swift; path = "숫자 문자열과 영단어.swift"; sourceTree = "<group>"; };
		F0B4B0BC26E9DD3C00385F53 /* 크레인 인형 뽑기 게임.swift */ = {isa = PBXFileReference; lastKnownFileType = sourcecode.swift; path = "크레인 인형 뽑기 게임.swift"; sourceTree = "<group>"; };
		F0B4B0BD26EB42CB00385F53 /* 소수 만들기.swift */ = {isa = PBXFileReference; lastKnownFileType = sourcecode.swift; path = "소수 만들기.swift"; sourceTree = "<group>"; };
		F0B4B0BE26EB4ECE00385F53 /* 키패드 누르기.swift */ = {isa = PBXFileReference; lastKnownFileType = sourcecode.swift; path = "키패드 누르기.swift"; sourceTree = "<group>"; };
		F0B4B0C126EC84C300385F53 /* 문제 1.swift */ = {isa = PBXFileReference; lastKnownFileType = sourcecode.swift; path = "문제 1.swift"; sourceTree = "<group>"; };
		F0B4B0C226EC9EAF00385F53 /* 문제 3.swift */ = {isa = PBXFileReference; lastKnownFileType = sourcecode.swift; path = "문제 3.swift"; sourceTree = "<group>"; };
		F0B4B0C326ECB28F00385F53 /* 문제 2.swift */ = {isa = PBXFileReference; lastKnownFileType = sourcecode.swift; path = "문제 2.swift"; sourceTree = "<group>"; };
/* End PBXFileReference section */

/* Begin PBXFrameworksBuildPhase section */
		36E2BDC1262C899300E88801 /* Frameworks */ = {
			isa = PBXFrameworksBuildPhase;
			buildActionMask = 2147483647;
			files = (
			);
			runOnlyForDeploymentPostprocessing = 0;
		};
/* End PBXFrameworksBuildPhase section */

/* Begin PBXGroup section */
		3638BB862681AB050066761D /* BaekJoon Algorithm */ = {
			isa = PBXGroup;
			children = (
				3638BB8D2681B1670066761D /* Step_1 */,
				3638BB962681B32C0066761D /* Step_2 */,
				3638BB9E2681B41D0066761D /* Step_3 */,
				3638BB9F2681B4410066761D /* Step_4 */,
				F09F7731268B6CF800EF5DAA /* Step_5 */,
				F00AC5FA268C3DD800BCC75B /* Step_6 */,
				F00AC5FB268C3DE300BCC75B /* Step_7 */,
				F00AC608268E33A100BCC75B /* Step_8 */,
				F00AC609268E33AF00BCC75B /* Step_9 */,
				F00AC60A268E33B700BCC75B /* Step_10 */,
			);
			path = "BaekJoon Algorithm";
			sourceTree = "<group>";
		};
		3638BB8D2681B1670066761D /* Step_1 */ = {
			isa = PBXGroup;
			children = (
				3638BB842681AAF10066761D /* 1_2557.swift */,
				3638BB882681B0B30066761D /* 2_10718.swift */,
				3638BB892681B12E0066761D /* 3_10171.swift */,
				3638BB8A2681B1410066761D /* 4_10172.swift */,
				3638BB8B2681B1550066761D /* 5_1000.swift */,
				3638BB8E2681B1B00066761D /* 6_1001.swift */,
				3638BB902681B1CB0066761D /* 7_10998.swift */,
				3638BB922681B1E00066761D /* 8_1008.swift */,
				3638BB932681B1F10066761D /* 9_10869.swift */,
				3638BB942681B2080066761D /* 10_10430.swift */,
				3638BB952681B2140066761D /* 11_2588.swift */,
			);
			path = Step_1;
			sourceTree = "<group>";
		};
		3638BB962681B32C0066761D /* Step_2 */ = {
			isa = PBXGroup;
			children = (
				3638BB972681B36C0066761D /* 1_1330.swift */,
				3638BB992681B37D0066761D /* 2_9498.swift */,
				3638BB9A2681B3B60066761D /* 3_2753.swift */,
				3638BB9B2681B3C40066761D /* 4_14681.swift */,
				3638BB9D2681B3D40066761D /* 5_2884.swift */,
			);
			path = Step_2;
			sourceTree = "<group>";
		};
		3638BB9E2681B41D0066761D /* Step_3 */ = {
			isa = PBXGroup;
			children = (
				3638BBA02681B4570066761D /* 1_2739.swift */,
				3638BBA12681B4630066761D /* 2_10950.swift */,
				3638BBA22681B46E0066761D /* 3_8393.swift */,
				3638BBA42681B48E0066761D /* 5_2741.swift */,
				3638BBA52681B49C0066761D /* 6_2742.swift */,
				3638BBA62681B4C80066761D /* 7_11021.swift */,
				3638BBA72681B4D70066761D /* 8_11022.swift */,
				3638BBA82681B4E20066761D /* 9_2438.swift */,
				3638BBA92681B4EF0066761D /* 10_2439.swift */,
				3638BBAA2681B4FF0066761D /* 11_10871.swift */,
			);
			path = Step_3;
			sourceTree = "<group>";
		};
		3638BB9F2681B4410066761D /* Step_4 */ = {
			isa = PBXGroup;
			children = (
				3638BBAC2681B63E0066761D /* 1_10952.swift */,
				3638BBAD2681B6560066761D /* 2_10951.swift */,
				3638BBAE2681B6610066761D /* 3_1110.swift */,
			);
			path = Step_4;
			sourceTree = "<group>";
		};
		3638BBAF26836D510066761D /* Programmers */ = {
			isa = PBXGroup;
			children = (
				F0A2D2CC26E89378000B4158 /* Coding Test File */,
				F0A2D2CB26E89361000B4158 /* Level 1 */,
			);
			path = Programmers;
			sourceTree = "<group>";
		};
		36E2BDBB262C899300E88801 = {
			isa = PBXGroup;
			children = (
				36E2BDC6262C899300E88801 /* Swift_practice */,
				36E2BDC5262C899300E88801 /* Products */,
			);
			sourceTree = "<group>";
		};
		36E2BDC5262C899300E88801 /* Products */ = {
			isa = PBXGroup;
			children = (
				36E2BDC4262C899300E88801 /* Swift_practice */,
			);
			name = Products;
			sourceTree = "<group>";
		};
		36E2BDC6262C899300E88801 /* Swift_practice */ = {
			isa = PBXGroup;
			children = (
				36E2BDC7262C899300E88801 /* main.swift */,
				3638BB862681AB050066761D /* BaekJoon Algorithm */,
				3638BBAF26836D510066761D /* Programmers */,
			);
			path = Swift_practice;
			sourceTree = "<group>";
		};
		F00AC5FA268C3DD800BCC75B /* Step_6 */ = {
			isa = PBXGroup;
			children = (
				F00AC5FC268C3E0A00BCC75B /* 2_4673.swift */,
				F00AC5FD268C3E1C00BCC75B /* 3_1065.swift */,
			);
			path = Step_6;
			sourceTree = "<group>";
		};
		F00AC5FB268C3DE300BCC75B /* Step_7 */ = {
			isa = PBXGroup;
			children = (
				F00AC5FE268CA73000BCC75B /* 1_11654.swift */,
				F00AC5FF268CA73B00BCC75B /* 2_11720.swift */,
				F00AC600268CA74800BCC75B /* 3_10809.swift */,
				F00AC601268CA75200BCC75B /* 4_2675.swift */,
				F00AC602268CA75E00BCC75B /* 5_1157.swift */,
				F00AC603268CA76900BCC75B /* 6_1152.swift */,
				F00AC604268CA77300BCC75B /* 7_2908.swift */,
				F00AC605268CA78000BCC75B /* 8_5622.swift */,
				F00AC606268CA79100BCC75B /* 9_2941.swift */,
				F00AC607268CA79D00BCC75B /* 10_1316.swift */,
			);
			path = Step_7;
			sourceTree = "<group>";
		};
		F00AC608268E33A100BCC75B /* Step_8 */ = {
			isa = PBXGroup;
			children = (
				F00AC60B268E33E200BCC75B /* 1_1712.swift */,
				F00AC60C268E33F000BCC75B /* 2_2292.swift */,
				F00AC60D268E33FE00BCC75B /* 3_1193.swift */,
				F00AC60E268E340D00BCC75B /* 4_2869.swift */,
				F00AC60F268E343700BCC75B /* 5_10250.swift */,
				F00AC610268E344600BCC75B /* 6_2775.swift */,
				F00AC611268E345100BCC75B /* 7_2839.swift */,
				F00AC612268E346000BCC75B /* 8_10757.swift */,
				F00AC613268E346A00BCC75B /* 9_1011.swift */,
			);
			path = Step_8;
			sourceTree = "<group>";
		};
		F00AC609268E33AF00BCC75B /* Step_9 */ = {
			isa = PBXGroup;
			children = (
			);
			path = Step_9;
			sourceTree = "<group>";
		};
		F00AC60A268E33B700BCC75B /* Step_10 */ = {
			isa = PBXGroup;
			children = (
			);
			path = Step_10;
			sourceTree = "<group>";
		};
		F09F7731268B6CF800EF5DAA /* Step_5 */ = {
			isa = PBXGroup;
			children = (
				F09F7732268B6D4300EF5DAA /* 1_10818.swift */,
				F09F7733268B6D5300EF5DAA /* 2_2562.swift */,
				F09F7735268B6D5F00EF5DAA /* 3_2577.swift */,
				F09F7736268B6D7500EF5DAA /* 4_3052.swift */,
				F09F7737268B6D8C00EF5DAA /* 5_1546.swift */,
				F09F7738268B6D9800EF5DAA /* 6_8958.swift */,
				F09F7739268B6DA500EF5DAA /* 7_4344.swift */,
			);
			path = Step_5;
			sourceTree = "<group>";
		};
		F0A2D2CB26E89361000B4158 /* Level 1 */ = {
			isa = PBXGroup;
			children = (
				F0A2D2CD26E89408000B4158 /* 신규 아이디 추천.swift */,
				F0B4B0BB26E9CCA700385F53 /* 숫자 문자열과 영단어.swift */,
				F0B4B0BC26E9DD3C00385F53 /* 크레인 인형 뽑기 게임.swift */,
				F0B4B0BD26EB42CB00385F53 /* 소수 만들기.swift */,
				F0B4B0BE26EB4ECE00385F53 /* 키패드 누르기.swift */,
				F048038826FC42110064B8AA /* 직사각형 별찍기.swift */,
				F048038926FC43700064B8AA /* 평균구하기.swift */,
				F048038A26FC45CD0064B8AA /* x만큼 간격이 있는 n개의 숫자.swift */,
				F048038B26FC46CF0064B8AA /* 행렬의 덧셈.swift */,
				F048038C26FC4EDE0064B8AA /* 핸드폰 번호 가리기.swift */,
				F048038D26FC509E0064B8AA /* 하샤드 수.swift */,
				F048038E26FC555B0064B8AA /* 콜라츠 추측.swift */,
				F048038F26FC59CF0064B8AA /* 최대공약수와 최소공배수.swift */,
				F045E99826FE00420094ADAA /* 짝수와 홀수.swift */,
				F045E99926FE05CE0094ADAA /* 정수 제곱근 판별.swift */,
				F045E99A26FE09940094ADAA /* 제일 작은 수 제거하기.swift */,
				F045E99B26FE0D420094ADAA /* 정수 내림차순으로 배치하기.swift */,
				F045E99C26FF6C630094ADAA /* 자릿수 더하기.swift */,
				F045E99D26FF71530094ADAA /* 자연수 뒤집어 배열로 만들기.swift */,
				F045E99E2700A4A50094ADAA /* 이상한 문자 만들기.swift */,
				F045E99F2700B1320094ADAA /* 약수의 합.swift */,
				F045E9A02701564E0094ADAA /* 시저 암호.swift */,
				F045E9A12701A9EC0094ADAA /* 문자열을 정수로 바꾸기.swift */,
				F045E9A22701AAB40094ADAA /* 수박수박수박수박수박수?.swift */,
				F045E9A32701ADB70094ADAA /* 소수 찾기.swift */,
				F045E9A42701E6D30094ADAA /* 서울에서 김서방 찾기.swift */,
				F045E9A52701E6F50094ADAA /* 문자열 다루기 기본.swift */,
				F045E9A62701EB0E0094ADAA /* 문자열 내림차순으로 배치하기.swift */,
				F045E9A72701EC2A0094ADAA /* 문자열 내 p와 y의 개수.swift */,
				F045E9A82701F4440094ADAA /* 문자열 내 마음대로 정렬하기.swift */,
				F045E9A92701F60F0094ADAA /* 두 정수 사이의 합.swift */,
				F045E9AA2701F7260094ADAA /* 나누어 떨어지는 숫자 배열.swift */,
				F045E9AB27030FD80094ADAA /* 가운데 글자 가져오기.swift */,
				F045E9AD27042F830094ADAA /* 2016년.swift */,
				F045E9D32705805B0094ADAA /* 다트게임.swift */,
				F045E9D427058A880094ADAA /* 부족한 금액 계산하기.swift */,
				F045E9D5270592C50094ADAA /* 비밀지도.swift */,
				F045E9DF270702A80094ADAA /* 상호평가.swift */,
				F045E9E02708A0D10094ADAA /* 직업군 추천하기.swift */,
				F045E9E12708B05A0094ADAA /* 복서 정렬하기.swift */,
				F045E9E22709709F0094ADAA /* 최소직각형.swift */,
				F045E9E3270972740094ADAA /* 두 개 뽑아서 더하기.swift */,
				F045E9E5270973B20094ADAA /* 예산.swift */,
			);
			path = "Level 1";
			sourceTree = "<group>";
		};
		F0A2D2CC26E89378000B4158 /* Coding Test File */ = {
			isa = PBXGroup;
			children = (
				F0B4B0C026EC63B800385F53 /* Kakao */,
				3638BBB026836D9A0066761D /* K번째수.swift */,
				3638BBB1268372680066761D /* 직사각형 좌표구하기.swift */,
				3638BBB22683A2470066761D /* 중복되는 이름 찾기.swift */,
				3638BBB32683ABAC0066761D /* 집합연산.swift */,
				3638BBB42683ACE70066761D /* 중복되는 숫자 개수.swift */,
				F09C4CD926C793FC00A56DCF /* 만보기 리워드 서비스.swift */,
			);
			path = "Coding Test File";
			sourceTree = "<group>";
		};
		F0B4B0C026EC63B800385F53 /* Kakao */ = {
			isa = PBXGroup;
			children = (
				F0B4B0C126EC84C300385F53 /* 문제 1.swift */,
				F0B4B0C226EC9EAF00385F53 /* 문제 3.swift */,
				F0B4B0C326ECB28F00385F53 /* 문제 2.swift */,
			);
			path = Kakao;
			sourceTree = "<group>";
		};
/* End PBXGroup section */

/* Begin PBXNativeTarget section */
		36E2BDC3262C899300E88801 /* Swift_practice */ = {
			isa = PBXNativeTarget;
			buildConfigurationList = 36E2BDCB262C899300E88801 /* Build configuration list for PBXNativeTarget "Swift_practice" */;
			buildPhases = (
				36E2BDC0262C899300E88801 /* Sources */,
				36E2BDC1262C899300E88801 /* Frameworks */,
				36E2BDC2262C899300E88801 /* CopyFiles */,
			);
			buildRules = (
			);
			dependencies = (
			);
			name = Swift_practice;
			productName = Swift_practice;
			productReference = 36E2BDC4262C899300E88801 /* Swift_practice */;
			productType = "com.apple.product-type.tool";
		};
/* End PBXNativeTarget section */

/* Begin PBXProject section */
		36E2BDBC262C899300E88801 /* Project object */ = {
			isa = PBXProject;
			attributes = {
				LastSwiftUpdateCheck = 1240;
				LastUpgradeCheck = 1240;
				TargetAttributes = {
					36E2BDC3262C899300E88801 = {
						CreatedOnToolsVersion = 12.4;
					};
				};
			};
			buildConfigurationList = 36E2BDBF262C899300E88801 /* Build configuration list for PBXProject "Swift_practice" */;
			compatibilityVersion = "Xcode 9.3";
			developmentRegion = en;
			hasScannedForEncodings = 0;
			knownRegions = (
				en,
				Base,
			);
			mainGroup = 36E2BDBB262C899300E88801;
			productRefGroup = 36E2BDC5262C899300E88801 /* Products */;
			projectDirPath = "";
			projectRoot = "";
			targets = (
				36E2BDC3262C899300E88801 /* Swift_practice */,
			);
		};
/* End PBXProject section */

/* Begin PBXSourcesBuildPhase section */
		36E2BDC0262C899300E88801 /* Sources */ = {
			isa = PBXSourcesBuildPhase;
			buildActionMask = 2147483647;
			files = (
				36E2BDC8262C899300E88801 /* main.swift in Sources */,
			);
			runOnlyForDeploymentPostprocessing = 0;
		};
/* End PBXSourcesBuildPhase section */

/* Begin XCBuildConfiguration section */
		36E2BDC9262C899300E88801 /* Debug */ = {
			isa = XCBuildConfiguration;
			buildSettings = {
				ALWAYS_SEARCH_USER_PATHS = NO;
				CLANG_ANALYZER_NONNULL = YES;
				CLANG_ANALYZER_NUMBER_OBJECT_CONVERSION = YES_AGGRESSIVE;
				CLANG_CXX_LANGUAGE_STANDARD = "gnu++14";
				CLANG_CXX_LIBRARY = "libc++";
				CLANG_ENABLE_MODULES = YES;
				CLANG_ENABLE_OBJC_ARC = YES;
				CLANG_ENABLE_OBJC_WEAK = YES;
				CLANG_WARN_BLOCK_CAPTURE_AUTORELEASING = YES;
				CLANG_WARN_BOOL_CONVERSION = YES;
				CLANG_WARN_COMMA = YES;
				CLANG_WARN_CONSTANT_CONVERSION = YES;
				CLANG_WARN_DEPRECATED_OBJC_IMPLEMENTATIONS = YES;
				CLANG_WARN_DIRECT_OBJC_ISA_USAGE = YES_ERROR;
				CLANG_WARN_DOCUMENTATION_COMMENTS = YES;
				CLANG_WARN_EMPTY_BODY = YES;
				CLANG_WARN_ENUM_CONVERSION = YES;
				CLANG_WARN_INFINITE_RECURSION = YES;
				CLANG_WARN_INT_CONVERSION = YES;
				CLANG_WARN_NON_LITERAL_NULL_CONVERSION = YES;
				CLANG_WARN_OBJC_IMPLICIT_RETAIN_SELF = YES;
				CLANG_WARN_OBJC_LITERAL_CONVERSION = YES;
				CLANG_WARN_OBJC_ROOT_CLASS = YES_ERROR;
				CLANG_WARN_QUOTED_INCLUDE_IN_FRAMEWORK_HEADER = YES;
				CLANG_WARN_RANGE_LOOP_ANALYSIS = YES;
				CLANG_WARN_STRICT_PROTOTYPES = YES;
				CLANG_WARN_SUSPICIOUS_MOVE = YES;
				CLANG_WARN_UNGUARDED_AVAILABILITY = YES_AGGRESSIVE;
				CLANG_WARN_UNREACHABLE_CODE = YES;
				CLANG_WARN__DUPLICATE_METHOD_MATCH = YES;
				COPY_PHASE_STRIP = NO;
				DEBUG_INFORMATION_FORMAT = dwarf;
				ENABLE_STRICT_OBJC_MSGSEND = YES;
				ENABLE_TESTABILITY = YES;
				GCC_C_LANGUAGE_STANDARD = gnu11;
				GCC_DYNAMIC_NO_PIC = NO;
				GCC_NO_COMMON_BLOCKS = YES;
				GCC_OPTIMIZATION_LEVEL = 0;
				GCC_PREPROCESSOR_DEFINITIONS = (
					"DEBUG=1",
					"$(inherited)",
				);
				GCC_WARN_64_TO_32_BIT_CONVERSION = YES;
				GCC_WARN_ABOUT_RETURN_TYPE = YES_ERROR;
				GCC_WARN_UNDECLARED_SELECTOR = YES;
				GCC_WARN_UNINITIALIZED_AUTOS = YES_AGGRESSIVE;
				GCC_WARN_UNUSED_FUNCTION = YES;
				GCC_WARN_UNUSED_VARIABLE = YES;
				MACOSX_DEPLOYMENT_TARGET = 11.1;
				MTL_ENABLE_DEBUG_INFO = INCLUDE_SOURCE;
				MTL_FAST_MATH = YES;
				ONLY_ACTIVE_ARCH = YES;
				SDKROOT = macosx;
				SWIFT_ACTIVE_COMPILATION_CONDITIONS = DEBUG;
				SWIFT_OPTIMIZATION_LEVEL = "-Onone";
			};
			name = Debug;
		};
		36E2BDCA262C899300E88801 /* Release */ = {
			isa = XCBuildConfiguration;
			buildSettings = {
				ALWAYS_SEARCH_USER_PATHS = NO;
				CLANG_ANALYZER_NONNULL = YES;
				CLANG_ANALYZER_NUMBER_OBJECT_CONVERSION = YES_AGGRESSIVE;
				CLANG_CXX_LANGUAGE_STANDARD = "gnu++14";
				CLANG_CXX_LIBRARY = "libc++";
				CLANG_ENABLE_MODULES = YES;
				CLANG_ENABLE_OBJC_ARC = YES;
				CLANG_ENABLE_OBJC_WEAK = YES;
				CLANG_WARN_BLOCK_CAPTURE_AUTORELEASING = YES;
				CLANG_WARN_BOOL_CONVERSION = YES;
				CLANG_WARN_COMMA = YES;
				CLANG_WARN_CONSTANT_CONVERSION = YES;
				CLANG_WARN_DEPRECATED_OBJC_IMPLEMENTATIONS = YES;
				CLANG_WARN_DIRECT_OBJC_ISA_USAGE = YES_ERROR;
				CLANG_WARN_DOCUMENTATION_COMMENTS = YES;
				CLANG_WARN_EMPTY_BODY = YES;
				CLANG_WARN_ENUM_CONVERSION = YES;
				CLANG_WARN_INFINITE_RECURSION = YES;
				CLANG_WARN_INT_CONVERSION = YES;
				CLANG_WARN_NON_LITERAL_NULL_CONVERSION = YES;
				CLANG_WARN_OBJC_IMPLICIT_RETAIN_SELF = YES;
				CLANG_WARN_OBJC_LITERAL_CONVERSION = YES;
				CLANG_WARN_OBJC_ROOT_CLASS = YES_ERROR;
				CLANG_WARN_QUOTED_INCLUDE_IN_FRAMEWORK_HEADER = YES;
				CLANG_WARN_RANGE_LOOP_ANALYSIS = YES;
				CLANG_WARN_STRICT_PROTOTYPES = YES;
				CLANG_WARN_SUSPICIOUS_MOVE = YES;
				CLANG_WARN_UNGUARDED_AVAILABILITY = YES_AGGRESSIVE;
				CLANG_WARN_UNREACHABLE_CODE = YES;
				CLANG_WARN__DUPLICATE_METHOD_MATCH = YES;
				COPY_PHASE_STRIP = NO;
				DEBUG_INFORMATION_FORMAT = "dwarf-with-dsym";
				ENABLE_NS_ASSERTIONS = NO;
				ENABLE_STRICT_OBJC_MSGSEND = YES;
				GCC_C_LANGUAGE_STANDARD = gnu11;
				GCC_NO_COMMON_BLOCKS = YES;
				GCC_WARN_64_TO_32_BIT_CONVERSION = YES;
				GCC_WARN_ABOUT_RETURN_TYPE = YES_ERROR;
				GCC_WARN_UNDECLARED_SELECTOR = YES;
				GCC_WARN_UNINITIALIZED_AUTOS = YES_AGGRESSIVE;
				GCC_WARN_UNUSED_FUNCTION = YES;
				GCC_WARN_UNUSED_VARIABLE = YES;
				MACOSX_DEPLOYMENT_TARGET = 11.1;
				MTL_ENABLE_DEBUG_INFO = NO;
				MTL_FAST_MATH = YES;
				SDKROOT = macosx;
				SWIFT_COMPILATION_MODE = wholemodule;
				SWIFT_OPTIMIZATION_LEVEL = "-O";
			};
			name = Release;
		};
		36E2BDCC262C899300E88801 /* Debug */ = {
			isa = XCBuildConfiguration;
			buildSettings = {
				CODE_SIGN_STYLE = Automatic;
				DEVELOPMENT_TEAM = PQCK7G4K6N;
				ENABLE_HARDENED_RUNTIME = YES;
				PRODUCT_NAME = "$(TARGET_NAME)";
				SWIFT_VERSION = 5.0;
			};
			name = Debug;
		};
		36E2BDCD262C899300E88801 /* Release */ = {
			isa = XCBuildConfiguration;
			buildSettings = {
				CODE_SIGN_STYLE = Automatic;
				DEVELOPMENT_TEAM = PQCK7G4K6N;
				ENABLE_HARDENED_RUNTIME = YES;
				PRODUCT_NAME = "$(TARGET_NAME)";
				SWIFT_VERSION = 5.0;
			};
			name = Release;
		};
/* End XCBuildConfiguration section */

/* Begin XCConfigurationList section */
		36E2BDBF262C899300E88801 /* Build configuration list for PBXProject "Swift_practice" */ = {
			isa = XCConfigurationList;
			buildConfigurations = (
				36E2BDC9262C899300E88801 /* Debug */,
				36E2BDCA262C899300E88801 /* Release */,
			);
			defaultConfigurationIsVisible = 0;
			defaultConfigurationName = Release;
		};
		36E2BDCB262C899300E88801 /* Build configuration list for PBXNativeTarget "Swift_practice" */ = {
			isa = XCConfigurationList;
			buildConfigurations = (
				36E2BDCC262C899300E88801 /* Debug */,
				36E2BDCD262C899300E88801 /* Release */,
			);
			defaultConfigurationIsVisible = 0;
			defaultConfigurationName = Release;
		};
/* End XCConfigurationList section */
	};
	rootObject = 36E2BDBC262C899300E88801 /* Project object */;
}
